// !$*UTF8*$!
{
	archiveVersion = 1;
	classes = {
	};
	objectVersion = 46;
	objects = {

/* Begin PBXBuildFile section */
		2AA16E881F898ABD48CFF9EB /* libPods-IMVCommon.a in Frameworks */ = {isa = PBXBuildFile; fileRef = 33E9D652C5DD6EF8C83B7256 /* libPods-IMVCommon.a */; };
		AD0148541AD52626003355FD /* main.m in Sources */ = {isa = PBXBuildFile; fileRef = AD0148531AD52626003355FD /* main.m */; };
		AD0148571AD52626003355FD /* AppDelegate.m in Sources */ = {isa = PBXBuildFile; fileRef = AD0148561AD52626003355FD /* AppDelegate.m */; };
		AD01485A1AD52626003355FD /* ViewController.m in Sources */ = {isa = PBXBuildFile; fileRef = AD0148591AD52626003355FD /* ViewController.m */; };
		AD01485D1AD52626003355FD /* Main.storyboard in Resources */ = {isa = PBXBuildFile; fileRef = AD01485B1AD52626003355FD /* Main.storyboard */; };
		AD01485F1AD52626003355FD /* Images.xcassets in Resources */ = {isa = PBXBuildFile; fileRef = AD01485E1AD52626003355FD /* Images.xcassets */; };
		AD0148621AD52626003355FD /* LaunchScreen.xib in Resources */ = {isa = PBXBuildFile; fileRef = AD0148601AD52626003355FD /* LaunchScreen.xib */; };
		AD01486E1AD52626003355FD /* IMVCommonTests.m in Sources */ = {isa = PBXBuildFile; fileRef = AD01486D1AD52626003355FD /* IMVCommonTests.m */; };
		AD0148C71AD5299B003355FD /* IMVNavigationController.m in Sources */ = {isa = PBXBuildFile; fileRef = AD0148A81AD5299B003355FD /* IMVNavigationController.m */; };
		AD0148C81AD5299B003355FD /* IMVTabBarController.m in Sources */ = {isa = PBXBuildFile; fileRef = AD0148AA1AD5299B003355FD /* IMVTabBarController.m */; };
		AD0148C91AD5299B003355FD /* IMVTabBarItem.m in Sources */ = {isa = PBXBuildFile; fileRef = AD0148AC1AD5299B003355FD /* IMVTabBarItem.m */; };
		AD0148CA1AD5299B003355FD /* IMVTemplateViewController+PickImage.m in Sources */ = {isa = PBXBuildFile; fileRef = AD0148AF1AD5299B003355FD /* IMVTemplateViewController+PickImage.m */; };
		AD0148CB1AD5299B003355FD /* IMVTemplateViewController.m in Sources */ = {isa = PBXBuildFile; fileRef = AD0148B11AD5299B003355FD /* IMVTemplateViewController.m */; };
		AD8D7AB41B31BEE300568486 /* IMVInjectionContext.m in Sources */ = {isa = PBXBuildFile; fileRef = AD8D7AB31B31BEE300568486 /* IMVInjectionContext.m */; };
		AD8D7ABA1B31C74900568486 /* ViewController2.m in Sources */ = {isa = PBXBuildFile; fileRef = AD8D7AB91B31C74900568486 /* ViewController2.m */; };
		AD8D7ABD1B32910200568486 /* TabBarControllerViewController.m in Sources */ = {isa = PBXBuildFile; fileRef = AD8D7ABC1B32910200568486 /* TabBarControllerViewController.m */; };
		ADBA44491AFCBE8A008BCB58 /* IMVCommon.podspec in Resources */ = {isa = PBXBuildFile; fileRef = ADBA44481AFCBE8A008BCB58 /* IMVCommon.podspec */; };
		ADBBD3201ADCB47300E4A8E1 /* IMVEntity.m in Sources */ = {isa = PBXBuildFile; fileRef = ADBBD31B1ADCB47300E4A8E1 /* IMVEntity.m */; };
		ADBBD3211ADCB47300E4A8E1 /* IMVRestEntity.m in Sources */ = {isa = PBXBuildFile; fileRef = ADBBD31D1ADCB47300E4A8E1 /* IMVRestEntity.m */; };
		ADBBD3221ADCB47300E4A8E1 /* IMVRestPage.m in Sources */ = {isa = PBXBuildFile; fileRef = ADBBD31F1ADCB47300E4A8E1 /* IMVRestPage.m */; };
		ADBBD32C1ADCB47E00E4A8E1 /* IMVDatabaseManager.m in Sources */ = {isa = PBXBuildFile; fileRef = ADBBD3251ADCB47E00E4A8E1 /* IMVDatabaseManager.m */; };
		ADBBD32D1ADCB47E00E4A8E1 /* IMVFileManager.m in Sources */ = {isa = PBXBuildFile; fileRef = ADBBD3271ADCB47E00E4A8E1 /* IMVFileManager.m */; };
		ADBBD32E1ADCB47E00E4A8E1 /* IMVUserManager.m in Sources */ = {isa = PBXBuildFile; fileRef = ADBBD3291ADCB47E00E4A8E1 /* IMVUserManager.m */; };
		ADBBD32F1ADCB47E00E4A8E1 /* UIImage+FixedOrientation.m in Sources */ = {isa = PBXBuildFile; fileRef = ADBBD32B1ADCB47E00E4A8E1 /* UIImage+FixedOrientation.m */; };
		ADBE1A9C1ADB5C790055CA36 /* ThemeDefault.bundle in Resources */ = {isa = PBXBuildFile; fileRef = ADBE1A9B1ADB5C790055CA36 /* ThemeDefault.bundle */; };
		ADC966EE1AFC7E4A0048C8A2 /* UIColor+IMVCommon.m in Sources */ = {isa = PBXBuildFile; fileRef = ADC966ED1AFC7E4A0048C8A2 /* UIColor+IMVCommon.m */; };
		ADC966F11AFC7E900048C8A2 /* UIFont+IMVCommon.m in Sources */ = {isa = PBXBuildFile; fileRef = ADC966F01AFC7E900048C8A2 /* UIFont+IMVCommon.m */; };
		ADC966F41AFC7EAC0048C8A2 /* UIImage+IMVCommon.m in Sources */ = {isa = PBXBuildFile; fileRef = ADC966F31AFC7EAC0048C8A2 /* UIImage+IMVCommon.m */; };
		ADC966FD1AFC8F830048C8A2 /* MEFileManager.m in Sources */ = {isa = PBXBuildFile; fileRef = ADC966FC1AFC8F830048C8A2 /* MEFileManager.m */; };
		ADC967001AFC8F940048C8A2 /* MEDatabase.m in Sources */ = {isa = PBXBuildFile; fileRef = ADC966FF1AFC8F940048C8A2 /* MEDatabase.m */; };
		ADD25CD61ADCEED200BBA195 /* SettingViewController.m in Sources */ = {isa = PBXBuildFile; fileRef = ADD25CD51ADCEED200BBA195 /* SettingViewController.m */; };
/* End PBXBuildFile section */

/* Begin PBXContainerItemProxy section */
		AD0148681AD52626003355FD /* PBXContainerItemProxy */ = {
			isa = PBXContainerItemProxy;
			containerPortal = AD0148461AD52626003355FD /* Project object */;
			proxyType = 1;
			remoteGlobalIDString = AD01484D1AD52626003355FD;
			remoteInfo = IMVCommon;
		};
/* End PBXContainerItemProxy section */

/* Begin PBXFileReference section */
		33E9D652C5DD6EF8C83B7256 /* libPods-IMVCommon.a */ = {isa = PBXFileReference; explicitFileType = archive.ar; includeInIndex = 0; path = "libPods-IMVCommon.a"; sourceTree = BUILT_PRODUCTS_DIR; };
		A6A3BB1CEDE305F7D3604106 /* Pods-IMVCommon.release.xcconfig */ = {isa = PBXFileReference; includeInIndex = 1; lastKnownFileType = text.xcconfig; name = "Pods-IMVCommon.release.xcconfig"; path = "Pods/Target Support Files/Pods-IMVCommon/Pods-IMVCommon.release.xcconfig"; sourceTree = "<group>"; };
		AD01484E1AD52626003355FD /* IMVCommon.app */ = {isa = PBXFileReference; explicitFileType = wrapper.application; includeInIndex = 0; path = IMVCommon.app; sourceTree = BUILT_PRODUCTS_DIR; };
		AD0148521AD52626003355FD /* Info.plist */ = {isa = PBXFileReference; lastKnownFileType = text.plist.xml; path = Info.plist; sourceTree = "<group>"; };
		AD0148531AD52626003355FD /* main.m */ = {isa = PBXFileReference; lastKnownFileType = sourcecode.c.objc; path = main.m; sourceTree = "<group>"; };
		AD0148551AD52626003355FD /* AppDelegate.h */ = {isa = PBXFileReference; lastKnownFileType = sourcecode.c.h; path = AppDelegate.h; sourceTree = "<group>"; };
		AD0148561AD52626003355FD /* AppDelegate.m */ = {isa = PBXFileReference; lastKnownFileType = sourcecode.c.objc; path = AppDelegate.m; sourceTree = "<group>"; };
		AD0148581AD52626003355FD /* ViewController.h */ = {isa = PBXFileReference; lastKnownFileType = sourcecode.c.h; path = ViewController.h; sourceTree = "<group>"; };
		AD0148591AD52626003355FD /* ViewController.m */ = {isa = PBXFileReference; lastKnownFileType = sourcecode.c.objc; path = ViewController.m; sourceTree = "<group>"; };
		AD01485C1AD52626003355FD /* Base */ = {isa = PBXFileReference; lastKnownFileType = file.storyboard; name = Base; path = Base.lproj/Main.storyboard; sourceTree = "<group>"; };
		AD01485E1AD52626003355FD /* Images.xcassets */ = {isa = PBXFileReference; lastKnownFileType = folder.assetcatalog; path = Images.xcassets; sourceTree = "<group>"; };
		AD0148611AD52626003355FD /* Base */ = {isa = PBXFileReference; lastKnownFileType = file.xib; name = Base; path = Base.lproj/LaunchScreen.xib; sourceTree = "<group>"; };
		AD0148671AD52626003355FD /* IMVCommonTests.xctest */ = {isa = PBXFileReference; explicitFileType = wrapper.cfbundle; includeInIndex = 0; path = IMVCommonTests.xctest; sourceTree = BUILT_PRODUCTS_DIR; };
		AD01486C1AD52626003355FD /* Info.plist */ = {isa = PBXFileReference; lastKnownFileType = text.plist.xml; path = Info.plist; sourceTree = "<group>"; };
		AD01486D1AD52626003355FD /* IMVCommonTests.m */ = {isa = PBXFileReference; lastKnownFileType = sourcecode.c.objc; path = IMVCommonTests.m; sourceTree = "<group>"; };
		AD0148A71AD5299B003355FD /* IMVNavigationController.h */ = {isa = PBXFileReference; fileEncoding = 4; lastKnownFileType = sourcecode.c.h; path = IMVNavigationController.h; sourceTree = "<group>"; };
		AD0148A81AD5299B003355FD /* IMVNavigationController.m */ = {isa = PBXFileReference; fileEncoding = 4; lastKnownFileType = sourcecode.c.objc; path = IMVNavigationController.m; sourceTree = "<group>"; };
		AD0148A91AD5299B003355FD /* IMVTabBarController.h */ = {isa = PBXFileReference; fileEncoding = 4; lastKnownFileType = sourcecode.c.h; path = IMVTabBarController.h; sourceTree = "<group>"; };
		AD0148AA1AD5299B003355FD /* IMVTabBarController.m */ = {isa = PBXFileReference; fileEncoding = 4; lastKnownFileType = sourcecode.c.objc; path = IMVTabBarController.m; sourceTree = "<group>"; };
		AD0148AB1AD5299B003355FD /* IMVTabBarItem.h */ = {isa = PBXFileReference; fileEncoding = 4; lastKnownFileType = sourcecode.c.h; path = IMVTabBarItem.h; sourceTree = "<group>"; };
		AD0148AC1AD5299B003355FD /* IMVTabBarItem.m */ = {isa = PBXFileReference; fileEncoding = 4; lastKnownFileType = sourcecode.c.objc; path = IMVTabBarItem.m; sourceTree = "<group>"; };
		AD0148AE1AD5299B003355FD /* IMVTemplateViewController+PickImage.h */ = {isa = PBXFileReference; fileEncoding = 4; lastKnownFileType = sourcecode.c.h; path = "IMVTemplateViewController+PickImage.h"; sourceTree = "<group>"; };
		AD0148AF1AD5299B003355FD /* IMVTemplateViewController+PickImage.m */ = {isa = PBXFileReference; fileEncoding = 4; lastKnownFileType = sourcecode.c.objc; path = "IMVTemplateViewController+PickImage.m"; sourceTree = "<group>"; };
		AD0148B01AD5299B003355FD /* IMVTemplateViewController.h */ = {isa = PBXFileReference; fileEncoding = 4; lastKnownFileType = sourcecode.c.h; path = IMVTemplateViewController.h; sourceTree = "<group>"; };
		AD0148B11AD5299B003355FD /* IMVTemplateViewController.m */ = {isa = PBXFileReference; fileEncoding = 4; lastKnownFileType = sourcecode.c.objc; path = IMVTemplateViewController.m; sourceTree = "<group>"; };
		AD0148B21AD5299B003355FD /* IMVCommon.h */ = {isa = PBXFileReference; fileEncoding = 4; lastKnownFileType = sourcecode.c.h; path = IMVCommon.h; sourceTree = "<group>"; };
		AD59498E1B3174FC004D6903 /* IMVInjection.h */ = {isa = PBXFileReference; fileEncoding = 4; lastKnownFileType = sourcecode.c.h; path = IMVInjection.h; sourceTree = "<group>"; };
		AD8D7AB21B31BEE300568486 /* IMVInjectionContext.h */ = {isa = PBXFileReference; fileEncoding = 4; lastKnownFileType = sourcecode.c.h; path = IMVInjectionContext.h; sourceTree = "<group>"; };
		AD8D7AB31B31BEE300568486 /* IMVInjectionContext.m */ = {isa = PBXFileReference; fileEncoding = 4; lastKnownFileType = sourcecode.c.objc; path = IMVInjectionContext.m; sourceTree = "<group>"; };
		AD8D7AB81B31C74900568486 /* ViewController2.h */ = {isa = PBXFileReference; fileEncoding = 4; lastKnownFileType = sourcecode.c.h; path = ViewController2.h; sourceTree = "<group>"; };
		AD8D7AB91B31C74900568486 /* ViewController2.m */ = {isa = PBXFileReference; fileEncoding = 4; lastKnownFileType = sourcecode.c.objc; path = ViewController2.m; sourceTree = "<group>"; };
		AD8D7ABB1B32910100568486 /* TabBarControllerViewController.h */ = {isa = PBXFileReference; fileEncoding = 4; lastKnownFileType = sourcecode.c.h; path = TabBarControllerViewController.h; sourceTree = "<group>"; };
		AD8D7ABC1B32910200568486 /* TabBarControllerViewController.m */ = {isa = PBXFileReference; fileEncoding = 4; lastKnownFileType = sourcecode.c.objc; path = TabBarControllerViewController.m; sourceTree = "<group>"; };
		ADBA44481AFCBE8A008BCB58 /* IMVCommon.podspec */ = {isa = PBXFileReference; fileEncoding = 4; lastKnownFileType = text; path = IMVCommon.podspec; sourceTree = "<group>"; };
		ADBBD31A1ADCB47300E4A8E1 /* IMVEntity.h */ = {isa = PBXFileReference; fileEncoding = 4; lastKnownFileType = sourcecode.c.h; path = IMVEntity.h; sourceTree = "<group>"; };
		ADBBD31B1ADCB47300E4A8E1 /* IMVEntity.m */ = {isa = PBXFileReference; fileEncoding = 4; lastKnownFileType = sourcecode.c.objc; path = IMVEntity.m; sourceTree = "<group>"; };
		ADBBD31C1ADCB47300E4A8E1 /* IMVRestEntity.h */ = {isa = PBXFileReference; fileEncoding = 4; lastKnownFileType = sourcecode.c.h; path = IMVRestEntity.h; sourceTree = "<group>"; };
		ADBBD31D1ADCB47300E4A8E1 /* IMVRestEntity.m */ = {isa = PBXFileReference; fileEncoding = 4; lastKnownFileType = sourcecode.c.objc; path = IMVRestEntity.m; sourceTree = "<group>"; };
		ADBBD31E1ADCB47300E4A8E1 /* IMVRestPage.h */ = {isa = PBXFileReference; fileEncoding = 4; lastKnownFileType = sourcecode.c.h; path = IMVRestPage.h; sourceTree = "<group>"; };
		ADBBD31F1ADCB47300E4A8E1 /* IMVRestPage.m */ = {isa = PBXFileReference; fileEncoding = 4; lastKnownFileType = sourcecode.c.objc; path = IMVRestPage.m; sourceTree = "<group>"; };
		ADBBD3241ADCB47E00E4A8E1 /* IMVDatabaseManager.h */ = {isa = PBXFileReference; fileEncoding = 4; lastKnownFileType = sourcecode.c.h; path = IMVDatabaseManager.h; sourceTree = "<group>"; };
		ADBBD3251ADCB47E00E4A8E1 /* IMVDatabaseManager.m */ = {isa = PBXFileReference; fileEncoding = 4; lastKnownFileType = sourcecode.c.objc; path = IMVDatabaseManager.m; sourceTree = "<group>"; };
		ADBBD3261ADCB47E00E4A8E1 /* IMVFileManager.h */ = {isa = PBXFileReference; fileEncoding = 4; lastKnownFileType = sourcecode.c.h; path = IMVFileManager.h; sourceTree = "<group>"; };
		ADBBD3271ADCB47E00E4A8E1 /* IMVFileManager.m */ = {isa = PBXFileReference; fileEncoding = 4; lastKnownFileType = sourcecode.c.objc; path = IMVFileManager.m; sourceTree = "<group>"; };
		ADBBD3281ADCB47E00E4A8E1 /* IMVUserManager.h */ = {isa = PBXFileReference; fileEncoding = 4; lastKnownFileType = sourcecode.c.h; path = IMVUserManager.h; sourceTree = "<group>"; };
		ADBBD3291ADCB47E00E4A8E1 /* IMVUserManager.m */ = {isa = PBXFileReference; fileEncoding = 4; lastKnownFileType = sourcecode.c.objc; path = IMVUserManager.m; sourceTree = "<group>"; };
		ADBBD32A1ADCB47E00E4A8E1 /* UIImage+FixedOrientation.h */ = {isa = PBXFileReference; fileEncoding = 4; lastKnownFileType = sourcecode.c.h; path = "UIImage+FixedOrientation.h"; sourceTree = "<group>"; };
		ADBBD32B1ADCB47E00E4A8E1 /* UIImage+FixedOrientation.m */ = {isa = PBXFileReference; fileEncoding = 4; lastKnownFileType = sourcecode.c.objc; path = "UIImage+FixedOrientation.m"; sourceTree = "<group>"; };
		ADBE1A9B1ADB5C790055CA36 /* ThemeDefault.bundle */ = {isa = PBXFileReference; lastKnownFileType = "wrapper.plug-in"; path = ThemeDefault.bundle; sourceTree = "<group>"; };
		ADC42DB31B1F099500188327 /* IMVLogger.h */ = {isa = PBXFileReference; fileEncoding = 4; lastKnownFileType = sourcecode.c.h; path = IMVLogger.h; sourceTree = "<group>"; };
		ADC966EC1AFC7E4A0048C8A2 /* UIColor+IMVCommon.h */ = {isa = PBXFileReference; fileEncoding = 4; lastKnownFileType = sourcecode.c.h; path = "UIColor+IMVCommon.h"; sourceTree = "<group>"; };
		ADC966ED1AFC7E4A0048C8A2 /* UIColor+IMVCommon.m */ = {isa = PBXFileReference; fileEncoding = 4; lastKnownFileType = sourcecode.c.objc; path = "UIColor+IMVCommon.m"; sourceTree = "<group>"; };
		ADC966EF1AFC7E900048C8A2 /* UIFont+IMVCommon.h */ = {isa = PBXFileReference; fileEncoding = 4; lastKnownFileType = sourcecode.c.h; path = "UIFont+IMVCommon.h"; sourceTree = "<group>"; };
		ADC966F01AFC7E900048C8A2 /* UIFont+IMVCommon.m */ = {isa = PBXFileReference; fileEncoding = 4; lastKnownFileType = sourcecode.c.objc; path = "UIFont+IMVCommon.m"; sourceTree = "<group>"; };
		ADC966F21AFC7EAC0048C8A2 /* UIImage+IMVCommon.h */ = {isa = PBXFileReference; fileEncoding = 4; lastKnownFileType = sourcecode.c.h; path = "UIImage+IMVCommon.h"; sourceTree = "<group>"; };
		ADC966F31AFC7EAC0048C8A2 /* UIImage+IMVCommon.m */ = {isa = PBXFileReference; fileEncoding = 4; lastKnownFileType = sourcecode.c.objc; path = "UIImage+IMVCommon.m"; sourceTree = "<group>"; };
		ADC966FB1AFC8F830048C8A2 /* MEFileManager.h */ = {isa = PBXFileReference; fileEncoding = 4; lastKnownFileType = sourcecode.c.h; path = MEFileManager.h; sourceTree = "<group>"; };
		ADC966FC1AFC8F830048C8A2 /* MEFileManager.m */ = {isa = PBXFileReference; fileEncoding = 4; lastKnownFileType = sourcecode.c.objc; path = MEFileManager.m; sourceTree = "<group>"; };
		ADC966FE1AFC8F940048C8A2 /* MEDatabase.h */ = {isa = PBXFileReference; fileEncoding = 4; lastKnownFileType = sourcecode.c.h; path = MEDatabase.h; sourceTree = "<group>"; };
		ADC966FF1AFC8F940048C8A2 /* MEDatabase.m */ = {isa = PBXFileReference; fileEncoding = 4; lastKnownFileType = sourcecode.c.objc; path = MEDatabase.m; sourceTree = "<group>"; };
		ADD25CD41ADCEED200BBA195 /* SettingViewController.h */ = {isa = PBXFileReference; fileEncoding = 4; lastKnownFileType = sourcecode.c.h; path = SettingViewController.h; sourceTree = "<group>"; };
		ADD25CD51ADCEED200BBA195 /* SettingViewController.m */ = {isa = PBXFileReference; fileEncoding = 4; lastKnownFileType = sourcecode.c.objc; path = SettingViewController.m; sourceTree = "<group>"; };
		C9B4C9F76B6E4AFFD6638688 /* Pods-IMVCommon.debug.xcconfig */ = {isa = PBXFileReference; includeInIndex = 1; lastKnownFileType = text.xcconfig; name = "Pods-IMVCommon.debug.xcconfig"; path = "Pods/Target Support Files/Pods-IMVCommon/Pods-IMVCommon.debug.xcconfig"; sourceTree = "<group>"; };
/* End PBXFileReference section */

/* Begin PBXFrameworksBuildPhase section */
		AD01484B1AD52626003355FD /* Frameworks */ = {
			isa = PBXFrameworksBuildPhase;
			buildActionMask = 2147483647;
			files = (
				2AA16E881F898ABD48CFF9EB /* libPods-IMVCommon.a in Frameworks */,
			);
			runOnlyForDeploymentPostprocessing = 0;
		};
		AD0148641AD52626003355FD /* Frameworks */ = {
			isa = PBXFrameworksBuildPhase;
			buildActionMask = 2147483647;
			files = (
			);
			runOnlyForDeploymentPostprocessing = 0;
		};
/* End PBXFrameworksBuildPhase section */

/* Begin PBXGroup section */
		29F1412D30FA321BB3B309A8 /* Pods */ = {
			isa = PBXGroup;
			children = (
				C9B4C9F76B6E4AFFD6638688 /* Pods-IMVCommon.debug.xcconfig */,
				A6A3BB1CEDE305F7D3604106 /* Pods-IMVCommon.release.xcconfig */,
			);
			name = Pods;
			sourceTree = "<group>";
		};
		AD0148451AD52626003355FD = {
			isa = PBXGroup;
			children = (
				ADBA44481AFCBE8A008BCB58 /* IMVCommon.podspec */,
				AD0148501AD52626003355FD /* IMVCommon */,
				AD01486A1AD52626003355FD /* IMVCommonTests */,
				AD01484F1AD52626003355FD /* Products */,
				29F1412D30FA321BB3B309A8 /* Pods */,
				D0D7F46639C1B94D6C69E9C1 /* Frameworks */,
			);
			sourceTree = "<group>";
		};
		AD01484F1AD52626003355FD /* Products */ = {
			isa = PBXGroup;
			children = (
				AD01484E1AD52626003355FD /* IMVCommon.app */,
				AD0148671AD52626003355FD /* IMVCommonTests.xctest */,
			);
			name = Products;
			sourceTree = "<group>";
		};
		AD0148501AD52626003355FD /* IMVCommon */ = {
			isa = PBXGroup;
			children = (
				AD0148A41AD5299B003355FD /* lib */,
				AD0148551AD52626003355FD /* AppDelegate.h */,
				AD0148561AD52626003355FD /* AppDelegate.m */,
				AD0148581AD52626003355FD /* ViewController.h */,
				AD0148591AD52626003355FD /* ViewController.m */,
				AD8D7ABB1B32910100568486 /* TabBarControllerViewController.h */,
				AD8D7ABC1B32910200568486 /* TabBarControllerViewController.m */,
				AD8D7AB81B31C74900568486 /* ViewController2.h */,
				AD8D7AB91B31C74900568486 /* ViewController2.m */,
				ADC966FB1AFC8F830048C8A2 /* MEFileManager.h */,
				ADC966FC1AFC8F830048C8A2 /* MEFileManager.m */,
				ADC966FE1AFC8F940048C8A2 /* MEDatabase.h */,
				ADC966FF1AFC8F940048C8A2 /* MEDatabase.m */,
				ADD25CD41ADCEED200BBA195 /* SettingViewController.h */,
				ADD25CD51ADCEED200BBA195 /* SettingViewController.m */,
				AD01485B1AD52626003355FD /* Main.storyboard */,
				AD01485E1AD52626003355FD /* Images.xcassets */,
				AD0148601AD52626003355FD /* LaunchScreen.xib */,
				AD0148511AD52626003355FD /* Supporting Files */,
			);
			path = IMVCommon;
			sourceTree = "<group>";
		};
		AD0148511AD52626003355FD /* Supporting Files */ = {
			isa = PBXGroup;
			children = (
				ADBE1A9B1ADB5C790055CA36 /* ThemeDefault.bundle */,
				AD0148521AD52626003355FD /* Info.plist */,
				AD0148531AD52626003355FD /* main.m */,
			);
			name = "Supporting Files";
			sourceTree = "<group>";
		};
		AD01486A1AD52626003355FD /* IMVCommonTests */ = {
			isa = PBXGroup;
			children = (
				AD01486D1AD52626003355FD /* IMVCommonTests.m */,
				AD01486B1AD52626003355FD /* Supporting Files */,
			);
			path = IMVCommonTests;
			sourceTree = "<group>";
		};
		AD01486B1AD52626003355FD /* Supporting Files */ = {
			isa = PBXGroup;
			children = (
				AD01486C1AD52626003355FD /* Info.plist */,
			);
			name = "Supporting Files";
			sourceTree = "<group>";
		};
		AD0148A41AD5299B003355FD /* lib */ = {
			isa = PBXGroup;
			children = (
				AD0148B21AD5299B003355FD /* IMVCommon.h */,
				AD0148A51AD5299B003355FD /* Controller */,
				AD0148B31AD5299B003355FD /* Model */,
				ADBBD3231ADCB47E00E4A8E1 /* Service */,
			);
			path = lib;
			sourceTree = "<group>";
		};
		AD0148A51AD5299B003355FD /* Controller */ = {
			isa = PBXGroup;
			children = (
				AD0148A61AD5299B003355FD /* Tab&Nav */,
				AD0148AD1AD5299B003355FD /* Template */,
			);
			path = Controller;
			sourceTree = "<group>";
		};
		AD0148A61AD5299B003355FD /* Tab&Nav */ = {
			isa = PBXGroup;
			children = (
				AD0148A71AD5299B003355FD /* IMVNavigationController.h */,
				AD0148A81AD5299B003355FD /* IMVNavigationController.m */,
				AD0148A91AD5299B003355FD /* IMVTabBarController.h */,
				AD0148AA1AD5299B003355FD /* IMVTabBarController.m */,
				AD0148AB1AD5299B003355FD /* IMVTabBarItem.h */,
				AD0148AC1AD5299B003355FD /* IMVTabBarItem.m */,
			);
			path = "Tab&Nav";
			sourceTree = "<group>";
		};
		AD0148AD1AD5299B003355FD /* Template */ = {
			isa = PBXGroup;
			children = (
				AD0148AE1AD5299B003355FD /* IMVTemplateViewController+PickImage.h */,
				AD0148AF1AD5299B003355FD /* IMVTemplateViewController+PickImage.m */,
				AD0148B01AD5299B003355FD /* IMVTemplateViewController.h */,
				AD0148B11AD5299B003355FD /* IMVTemplateViewController.m */,
			);
			path = Template;
			sourceTree = "<group>";
		};
		AD0148B31AD5299B003355FD /* Model */ = {
			isa = PBXGroup;
			children = (
				ADBBD31A1ADCB47300E4A8E1 /* IMVEntity.h */,
				ADBBD31B1ADCB47300E4A8E1 /* IMVEntity.m */,
				ADBBD31C1ADCB47300E4A8E1 /* IMVRestEntity.h */,
				ADBBD31D1ADCB47300E4A8E1 /* IMVRestEntity.m */,
				ADBBD31E1ADCB47300E4A8E1 /* IMVRestPage.h */,
				ADBBD31F1ADCB47300E4A8E1 /* IMVRestPage.m */,
			);
			path = Model;
			sourceTree = "<group>";
		};
		ADBBD3231ADCB47E00E4A8E1 /* Service */ = {
			isa = PBXGroup;
			children = (
				ADBBD3241ADCB47E00E4A8E1 /* IMVDatabaseManager.h */,
				ADBBD3251ADCB47E00E4A8E1 /* IMVDatabaseManager.m */,
				ADBBD3261ADCB47E00E4A8E1 /* IMVFileManager.h */,
				ADBBD3271ADCB47E00E4A8E1 /* IMVFileManager.m */,
				ADBBD3281ADCB47E00E4A8E1 /* IMVUserManager.h */,
				ADBBD3291ADCB47E00E4A8E1 /* IMVUserManager.m */,
				ADC42DB31B1F099500188327 /* IMVLogger.h */,
				ADBBD32A1ADCB47E00E4A8E1 /* UIImage+FixedOrientation.h */,
				ADBBD32B1ADCB47E00E4A8E1 /* UIImage+FixedOrientation.m */,
				ADC966EC1AFC7E4A0048C8A2 /* UIColor+IMVCommon.h */,
				ADC966ED1AFC7E4A0048C8A2 /* UIColor+IMVCommon.m */,
				ADC966EF1AFC7E900048C8A2 /* UIFont+IMVCommon.h */,
				ADC966F01AFC7E900048C8A2 /* UIFont+IMVCommon.m */,
				ADC966F21AFC7EAC0048C8A2 /* UIImage+IMVCommon.h */,
				ADC966F31AFC7EAC0048C8A2 /* UIImage+IMVCommon.m */,
				AD59498E1B3174FC004D6903 /* IMVInjection.h */,
				AD8D7AB21B31BEE300568486 /* IMVInjectionContext.h */,
				AD8D7AB31B31BEE300568486 /* IMVInjectionContext.m */,
			);
			path = Service;
			sourceTree = "<group>";
		};
		D0D7F46639C1B94D6C69E9C1 /* Frameworks */ = {
			isa = PBXGroup;
			children = (
				33E9D652C5DD6EF8C83B7256 /* libPods-IMVCommon.a */,
			);
			name = Frameworks;
			sourceTree = "<group>";
		};
/* End PBXGroup section */

/* Begin PBXNativeTarget section */
		AD01484D1AD52626003355FD /* IMVCommon */ = {
			isa = PBXNativeTarget;
			buildConfigurationList = AD0148711AD52626003355FD /* Build configuration list for PBXNativeTarget "IMVCommon" */;
			buildPhases = (
				16B63C196BE4D9CB1BE946CB /* Check Pods Manifest.lock */,
				AD01484A1AD52626003355FD /* Sources */,
				AD01484B1AD52626003355FD /* Frameworks */,
				AD01484C1AD52626003355FD /* Resources */,
				9F7A19CEE0FA609D690E636C /* Copy Pods Resources */,
			);
			buildRules = (
			);
			dependencies = (
			);
			name = IMVCommon;
			productName = IMVCommon;
			productReference = AD01484E1AD52626003355FD /* IMVCommon.app */;
			productType = "com.apple.product-type.application";
		};
		AD0148661AD52626003355FD /* IMVCommonTests */ = {
			isa = PBXNativeTarget;
			buildConfigurationList = AD0148741AD52626003355FD /* Build configuration list for PBXNativeTarget "IMVCommonTests" */;
			buildPhases = (
				AD0148631AD52626003355FD /* Sources */,
				AD0148641AD52626003355FD /* Frameworks */,
				AD0148651AD52626003355FD /* Resources */,
			);
			buildRules = (
			);
			dependencies = (
				AD0148691AD52626003355FD /* PBXTargetDependency */,
			);
			name = IMVCommonTests;
			productName = IMVCommonTests;
			productReference = AD0148671AD52626003355FD /* IMVCommonTests.xctest */;
			productType = "com.apple.product-type.bundle.unit-test";
		};
/* End PBXNativeTarget section */

/* Begin PBXProject section */
		AD0148461AD52626003355FD /* Project object */ = {
			isa = PBXProject;
			attributes = {
				LastUpgradeCheck = 0620;
				ORGANIZATIONNAME = inmovation;
				TargetAttributes = {
					AD01484D1AD52626003355FD = {
						CreatedOnToolsVersion = 6.2;
					};
					AD0148661AD52626003355FD = {
						CreatedOnToolsVersion = 6.2;
						TestTargetID = AD01484D1AD52626003355FD;
					};
				};
			};
			buildConfigurationList = AD0148491AD52626003355FD /* Build configuration list for PBXProject "IMVCommon" */;
			compatibilityVersion = "Xcode 3.2";
			developmentRegion = English;
			hasScannedForEncodings = 0;
			knownRegions = (
				en,
				Base,
			);
			mainGroup = AD0148451AD52626003355FD;
			productRefGroup = AD01484F1AD52626003355FD /* Products */;
			projectDirPath = "";
			projectRoot = "";
			targets = (
				AD01484D1AD52626003355FD /* IMVCommon */,
				AD0148661AD52626003355FD /* IMVCommonTests */,
			);
		};
/* End PBXProject section */

/* Begin PBXResourcesBuildPhase section */
		AD01484C1AD52626003355FD /* Resources */ = {
			isa = PBXResourcesBuildPhase;
			buildActionMask = 2147483647;
			files = (
				AD01485D1AD52626003355FD /* Main.storyboard in Resources */,
				ADBA44491AFCBE8A008BCB58 /* IMVCommon.podspec in Resources */,
				AD0148621AD52626003355FD /* LaunchScreen.xib in Resources */,
				AD01485F1AD52626003355FD /* Images.xcassets in Resources */,
				ADBE1A9C1ADB5C790055CA36 /* ThemeDefault.bundle in Resources */,
			);
			runOnlyForDeploymentPostprocessing = 0;
		};
		AD0148651AD52626003355FD /* Resources */ = {
			isa = PBXResourcesBuildPhase;
			buildActionMask = 2147483647;
			files = (
			);
			runOnlyForDeploymentPostprocessing = 0;
		};
/* End PBXResourcesBuildPhase section */

/* Begin PBXShellScriptBuildPhase section */
		16B63C196BE4D9CB1BE946CB /* Check Pods Manifest.lock */ = {
			isa = PBXShellScriptBuildPhase;
			buildActionMask = 2147483647;
			files = (
			);
			inputPaths = (
			);
			name = "Check Pods Manifest.lock";
			outputPaths = (
			);
			runOnlyForDeploymentPostprocessing = 0;
			shellPath = /bin/sh;
			shellScript = "diff \"${PODS_ROOT}/../Podfile.lock\" \"${PODS_ROOT}/Manifest.lock\" > /dev/null\nif [[ $? != 0 ]] ; then\n    cat << EOM\nerror: The sandbox is not in sync with the Podfile.lock. Run 'pod install' or update your CocoaPods installation.\nEOM\n    exit 1\nfi\n";
			showEnvVarsInLog = 0;
		};
		9F7A19CEE0FA609D690E636C /* Copy Pods Resources */ = {
			isa = PBXShellScriptBuildPhase;
			buildActionMask = 2147483647;
			files = (
			);
			inputPaths = (
			);
			name = "Copy Pods Resources";
			outputPaths = (
			);
			runOnlyForDeploymentPostprocessing = 0;
			shellPath = /bin/sh;
			shellScript = "\"${SRCROOT}/Pods/Target Support Files/Pods-IMVCommon/Pods-IMVCommon-resources.sh\"\n";
			showEnvVarsInLog = 0;
		};
/* End PBXShellScriptBuildPhase section */

/* Begin PBXSourcesBuildPhase section */
		AD01484A1AD52626003355FD /* Sources */ = {
			isa = PBXSourcesBuildPhase;
			buildActionMask = 2147483647;
			files = (
				AD0148C71AD5299B003355FD /* IMVNavigationController.m in Sources */,
				ADC966EE1AFC7E4A0048C8A2 /* UIColor+IMVCommon.m in Sources */,
				ADC966FD1AFC8F830048C8A2 /* MEFileManager.m in Sources */,
				AD01485A1AD52626003355FD /* ViewController.m in Sources */,
				ADC966F11AFC7E900048C8A2 /* UIFont+IMVCommon.m in Sources */,
				ADD25CD61ADCEED200BBA195 /* SettingViewController.m in Sources */,
				ADBBD32D1ADCB47E00E4A8E1 /* IMVFileManager.m in Sources */,
				ADBBD3211ADCB47300E4A8E1 /* IMVRestEntity.m in Sources */,
				ADC966F41AFC7EAC0048C8A2 /* UIImage+IMVCommon.m in Sources */,
				AD0148571AD52626003355FD /* AppDelegate.m in Sources */,
				AD0148C81AD5299B003355FD /* IMVTabBarController.m in Sources */,
				ADBBD32E1ADCB47E00E4A8E1 /* IMVUserManager.m in Sources */,
				AD8D7ABD1B32910200568486 /* TabBarControllerViewController.m in Sources */,
				AD8D7AB41B31BEE300568486 /* IMVInjectionContext.m in Sources */,
				AD0148CA1AD5299B003355FD /* IMVTemplateViewController+PickImage.m in Sources */,
				AD0148CB1AD5299B003355FD /* IMVTemplateViewController.m in Sources */,
				ADBBD3221ADCB47300E4A8E1 /* IMVRestPage.m in Sources */,
				AD0148541AD52626003355FD /* main.m in Sources */,
				ADC967001AFC8F940048C8A2 /* MEDatabase.m in Sources */,
				ADBBD3201ADCB47300E4A8E1 /* IMVEntity.m in Sources */,
				ADBBD32F1ADCB47E00E4A8E1 /* UIImage+FixedOrientation.m in Sources */,
				AD0148C91AD5299B003355FD /* IMVTabBarItem.m in Sources */,
				AD8D7ABA1B31C74900568486 /* ViewController2.m in Sources */,
				ADBBD32C1ADCB47E00E4A8E1 /* IMVDatabaseManager.m in Sources */,
			);
			runOnlyForDeploymentPostprocessing = 0;
		};
		AD0148631AD52626003355FD /* Sources */ = {
			isa = PBXSourcesBuildPhase;
			buildActionMask = 2147483647;
			files = (
				AD01486E1AD52626003355FD /* IMVCommonTests.m in Sources */,
			);
			runOnlyForDeploymentPostprocessing = 0;
		};
/* End PBXSourcesBuildPhase section */

/* Begin PBXTargetDependency section */
		AD0148691AD52626003355FD /* PBXTargetDependency */ = {
			isa = PBXTargetDependency;
			target = AD01484D1AD52626003355FD /* IMVCommon */;
			targetProxy = AD0148681AD52626003355FD /* PBXContainerItemProxy */;
		};
/* End PBXTargetDependency section */

/* Begin PBXVariantGroup section */
		AD01485B1AD52626003355FD /* Main.storyboard */ = {
			isa = PBXVariantGroup;
			children = (
				AD01485C1AD52626003355FD /* Base */,
			);
			name = Main.storyboard;
			sourceTree = "<group>";
		};
		AD0148601AD52626003355FD /* LaunchScreen.xib */ = {
			isa = PBXVariantGroup;
			children = (
				AD0148611AD52626003355FD /* Base */,
			);
			name = LaunchScreen.xib;
			sourceTree = "<group>";
		};
/* End PBXVariantGroup section */

/* Begin XCBuildConfiguration section */
		AD01486F1AD52626003355FD /* Debug */ = {
			isa = XCBuildConfiguration;
			buildSettings = {
				ALWAYS_SEARCH_USER_PATHS = NO;
				CLANG_CXX_LANGUAGE_STANDARD = "gnu++0x";
				CLANG_CXX_LIBRARY = "libc++";
				CLANG_ENABLE_MODULES = YES;
				CLANG_ENABLE_OBJC_ARC = YES;
				CLANG_WARN_BOOL_CONVERSION = YES;
				CLANG_WARN_CONSTANT_CONVERSION = YES;
				CLANG_WARN_DIRECT_OBJC_ISA_USAGE = YES_ERROR;
				CLANG_WARN_EMPTY_BODY = YES;
				CLANG_WARN_ENUM_CONVERSION = YES;
				CLANG_WARN_INT_CONVERSION = YES;
				CLANG_WARN_OBJC_ROOT_CLASS = YES_ERROR;
				CLANG_WARN_UNREACHABLE_CODE = YES;
				CLANG_WARN__DUPLICATE_METHOD_MATCH = YES;
				"CODE_SIGN_IDENTITY[sdk=iphoneos*]" = "iPhone Developer";
				COPY_PHASE_STRIP = NO;
				ENABLE_STRICT_OBJC_MSGSEND = YES;
				GCC_C_LANGUAGE_STANDARD = gnu99;
				GCC_DYNAMIC_NO_PIC = NO;
				GCC_OPTIMIZATION_LEVEL = 0;
				GCC_PREPROCESSOR_DEFINITIONS = (
					"DEBUG=1",
					"$(inherited)",
				);
				GCC_SYMBOLS_PRIVATE_EXTERN = NO;
				GCC_WARN_64_TO_32_BIT_CONVERSION = YES;
				GCC_WARN_ABOUT_RETURN_TYPE = YES_ERROR;
				GCC_WARN_UNDECLARED_SELECTOR = YES;
				GCC_WARN_UNINITIALIZED_AUTOS = YES_AGGRESSIVE;
				GCC_WARN_UNUSED_FUNCTION = YES;
				GCC_WARN_UNUSED_VARIABLE = YES;
				IPHONEOS_DEPLOYMENT_TARGET = 5.0;
				MTL_ENABLE_DEBUG_INFO = YES;
				ONLY_ACTIVE_ARCH = YES;
				SDKROOT = iphoneos;
			};
			name = Debug;
		};
		AD0148701AD52626003355FD /* Release */ = {
			isa = XCBuildConfiguration;
			buildSettings = {
				ALWAYS_SEARCH_USER_PATHS = NO;
				CLANG_CXX_LANGUAGE_STANDARD = "gnu++0x";
				CLANG_CXX_LIBRARY = "libc++";
				CLANG_ENABLE_MODULES = YES;
				CLANG_ENABLE_OBJC_ARC = YES;
				CLANG_WARN_BOOL_CONVERSION = YES;
				CLANG_WARN_CONSTANT_CONVERSION = YES;
				CLANG_WARN_DIRECT_OBJC_ISA_USAGE = YES_ERROR;
				CLANG_WARN_EMPTY_BODY = YES;
				CLANG_WARN_ENUM_CONVERSION = YES;
				CLANG_WARN_INT_CONVERSION = YES;
				CLANG_WARN_OBJC_ROOT_CLASS = YES_ERROR;
				CLANG_WARN_UNREACHABLE_CODE = YES;
				CLANG_WARN__DUPLICATE_METHOD_MATCH = YES;
				"CODE_SIGN_IDENTITY[sdk=iphoneos*]" = "iPhone Developer";
				COPY_PHASE_STRIP = NO;
				ENABLE_NS_ASSERTIONS = NO;
				ENABLE_STRICT_OBJC_MSGSEND = YES;
				GCC_C_LANGUAGE_STANDARD = gnu99;
				GCC_WARN_64_TO_32_BIT_CONVERSION = YES;
				GCC_WARN_ABOUT_RETURN_TYPE = YES_ERROR;
				GCC_WARN_UNDECLARED_SELECTOR = YES;
				GCC_WARN_UNINITIALIZED_AUTOS = YES_AGGRESSIVE;
				GCC_WARN_UNUSED_FUNCTION = YES;
				GCC_WARN_UNUSED_VARIABLE = YES;
				IPHONEOS_DEPLOYMENT_TARGET = 5.0;
				MTL_ENABLE_DEBUG_INFO = NO;
				SDKROOT = iphoneos;
				VALIDATE_PRODUCT = YES;
			};
			name = Release;
		};
		AD0148721AD52626003355FD /* Debug */ = {
			isa = XCBuildConfiguration;
			baseConfigurationReference = C9B4C9F76B6E4AFFD6638688 /* Pods-IMVCommon.debug.xcconfig */;
			buildSettings = {
				ASSETCATALOG_COMPILER_APPICON_NAME = AppIcon;
				INFOPLIST_FILE = IMVCommon/Info.plist;
				IPHONEOS_DEPLOYMENT_TARGET = 5.0;
				LD_RUNPATH_SEARCH_PATHS = "$(inherited) @executable_path/Frameworks";
				PRODUCT_NAME = "$(TARGET_NAME)";
			};
			name = Debug;
		};
		AD0148731AD52626003355FD /* Release */ = {
			isa = XCBuildConfiguration;
			baseConfigurationReference = A6A3BB1CEDE305F7D3604106 /* Pods-IMVCommon.release.xcconfig */;
			buildSettings = {
				ASSETCATALOG_COMPILER_APPICON_NAME = AppIcon;
				INFOPLIST_FILE = IMVCommon/Info.plist;
				IPHONEOS_DEPLOYMENT_TARGET = 5.0;
				LD_RUNPATH_SEARCH_PATHS = "$(inherited) @executable_path/Frameworks";
				PRODUCT_NAME = "$(TARGET_NAME)";
			};
			name = Release;
		};
		AD0148751AD52626003355FD /* Debug */ = {
			isa = XCBuildConfiguration;
			buildSettings = {
				BUNDLE_LOADER = "$(TEST_HOST)";
				FRAMEWORK_SEARCH_PATHS = (
					"$(SDKROOT)/Developer/Library/Frameworks",
					"$(inherited)",
				);
				GCC_PREPROCESSOR_DEFINITIONS = (
					"DEBUG=1",
					"$(inherited)",
				);
				INFOPLIST_FILE = IMVCommonTests/Info.plist;
				LD_RUNPATH_SEARCH_PATHS = "$(inherited) @executable_path/Frameworks @loader_path/Frameworks";
				PRODUCT_NAME = "$(TARGET_NAME)";
				TEST_HOST = "$(BUILT_PRODUCTS_DIR)/IMVCommon.app/IMVCommon";
			};
			name = Debug;
		};
		AD0148761AD52626003355FD /* Release */ = {
			isa = XCBuildConfiguration;
			buildSettings = {
				BUNDLE_LOADER = "$(TEST_HOST)";
				FRAMEWORK_SEARCH_PATHS = (
					"$(SDKROOT)/Developer/Library/Frameworks",
					"$(inherited)",
				);
				INFOPLIST_FILE = IMVCommonTests/Info.plist;
				LD_RUNPATH_SEARCH_PATHS = "$(inherited) @executable_path/Frameworks @loader_path/Frameworks";
				PRODUCT_NAME = "$(TARGET_NAME)";
				TEST_HOST = "$(BUILT_PRODUCTS_DIR)/IMVCommon.app/IMVCommon";
			};
			name = Release;
		};
/* End XCBuildConfiguration section */

/* Begin XCConfigurationList section */
		AD0148491AD52626003355FD /* Build configuration list for PBXProject "IMVCommon" */ = {
			isa = XCConfigurationList;
			buildConfigurations = (
				AD01486F1AD52626003355FD /* Debug */,
				AD0148701AD52626003355FD /* Release */,
			);
			defaultConfigurationIsVisible = 0;
			defaultConfigurationName = Release;
		};
		AD0148711AD52626003355FD /* Build configuration list for PBXNativeTarget "IMVCommon" */ = {
			isa = XCConfigurationList;
			buildConfigurations = (
				AD0148721AD52626003355FD /* Debug */,
				AD0148731AD52626003355FD /* Release */,
			);
			defaultConfigurationIsVisible = 0;
			defaultConfigurationName = Release;
		};
		AD0148741AD52626003355FD /* Build configuration list for PBXNativeTarget "IMVCommonTests" */ = {
			isa = XCConfigurationList;
			buildConfigurations = (
				AD0148751AD52626003355FD /* Debug */,
				AD0148761AD52626003355FD /* Release */,
			);
			defaultConfigurationIsVisible = 0;
			defaultConfigurationName = Release;
		};
/* End XCConfigurationList section */
	};
	rootObject = AD0148461AD52626003355FD /* Project object */;
}
